
Microsoft Visual Studio Solution File, Format Version 12.00
# Visual Studio Version 16
VisualStudioVersion = 16.0.32602.291
MinimumVisualStudioVersion = 10.0.40219.1
Project("{FAE04EC0-301F-11D3-BF4B-00C04F79EFBC}") = "EjercicioN1DeMarianoRoscioli", "EjercicioN1DeMarianoRoscioli\EjercicioN1DeMarianoRoscioli.csproj", "{B7A37377-1A35-47F1-9B2C-00E65E3F4B10}"
EndProject
Global
	GlobalSection(SolutionConfigurationPlatforms) = preSolution
		Debug|Any CPU = Debug|Any CPU
		Release|Any CPU = Release|Any CPU
	EndGlobalSection
	GlobalSection(ProjectConfigurationPlatforms) = postSolution
		{B7A37377-1A35-47F1-9B2C-00E65E3F4B10}.Debug|Any CPU.ActiveCfg = Debug|Any CPU
		{B7A37377-1A35-47F1-9B2C-00E65E3F4B10}.Debug|Any CPU.Build.0 = Debug|Any CPU
		{B7A37377-1A35-47F1-9B2C-00E65E3F4B10}.Release|Any CPU.ActiveCfg = Release|Any CPU
		{B7A37377-1A35-47F1-9B2C-00E65E3F4B10}.Release|Any CPU.Build.0 = Release|Any CPU
	EndGlobalSection
	GlobalSection(SolutionProperties) = preSolution
		HideSolutionNode = FALSE
	EndGlobalSection
	GlobalSection(ExtensibilityGlobals) = postSolution
		SolutionGuid = {A3383829-AAF5-4B36-B67D-0154D4940FFD}
	EndGlobalSection
EndGlobal
